
Microsoft Visual Studio Solution File, Format Version 12.00
# Visual Studio Version 17
VisualStudioVersion = 17.10.35122.118
MinimumVisualStudioVersion = 10.0.40219.1
Project("{FAE04EC0-301F-11D3-BF4B-00C04F79EFBC}") = "AmpliFund_Coulson", "AmpliFund_Coulson.csproj", "{41EDE997-0021-4258-8EDB-5AE9E559D9ED}"
	ProjectSection(ProjectDependencies) = postProject
		{70C6E391-11E3-4DAC-838F-2319F6D36B4E} = {70C6E391-11E3-4DAC-838F-2319F6D36B4E}
		{DCB560B2-021A-44B5-AC00-20FE0C5D35FB} = {DCB560B2-021A-44B5-AC00-20FE0C5D35FB}
	EndProjectSection
EndProject
Project("{FAE04EC0-301F-11D3-BF4B-00C04F79EFBC}") = "BookingBusinessLayer", "..\BookingBusinessLayer\BookingBusinessLayer.csproj", "{DCB560B2-021A-44B5-AC00-20FE0C5D35FB}"
	ProjectSection(ProjectDependencies) = postProject
		{70C6E391-11E3-4DAC-838F-2319F6D36B4E} = {70C6E391-11E3-4DAC-838F-2319F6D36B4E}
	EndProjectSection
EndProject
Project("{FAE04EC0-301F-11D3-BF4B-00C04F79EFBC}") = "BookingDataLayer", "..\BookingDataLayer\BookingDataLayer.csproj", "{70C6E391-11E3-4DAC-838F-2319F6D36B4E}"
EndProject
Global
	GlobalSection(SolutionConfigurationPlatforms) = preSolution
		Debug|Any CPU = Debug|Any CPU
		Release|Any CPU = Release|Any CPU
	EndGlobalSection
	GlobalSection(ProjectConfigurationPlatforms) = postSolution
		{41EDE997-0021-4258-8EDB-5AE9E559D9ED}.Debug|Any CPU.ActiveCfg = Debug|Any CPU
		{41EDE997-0021-4258-8EDB-5AE9E559D9ED}.Debug|Any CPU.Build.0 = Debug|Any CPU
		{41EDE997-0021-4258-8EDB-5AE9E559D9ED}.Release|Any CPU.ActiveCfg = Release|Any CPU
		{41EDE997-0021-4258-8EDB-5AE9E559D9ED}.Release|Any CPU.Build.0 = Release|Any CPU
		{DCB560B2-021A-44B5-AC00-20FE0C5D35FB}.Debug|Any CPU.ActiveCfg = Debug|Any CPU
		{DCB560B2-021A-44B5-AC00-20FE0C5D35FB}.Debug|Any CPU.Build.0 = Debug|Any CPU
		{DCB560B2-021A-44B5-AC00-20FE0C5D35FB}.Release|Any CPU.ActiveCfg = Release|Any CPU
		{DCB560B2-021A-44B5-AC00-20FE0C5D35FB}.Release|Any CPU.Build.0 = Release|Any CPU
		{70C6E391-11E3-4DAC-838F-2319F6D36B4E}.Debug|Any CPU.ActiveCfg = Debug|Any CPU
		{70C6E391-11E3-4DAC-838F-2319F6D36B4E}.Debug|Any CPU.Build.0 = Debug|Any CPU
		{70C6E391-11E3-4DAC-838F-2319F6D36B4E}.Release|Any CPU.ActiveCfg = Release|Any CPU
		{70C6E391-11E3-4DAC-838F-2319F6D36B4E}.Release|Any CPU.Build.0 = Release|Any CPU
	EndGlobalSection
	GlobalSection(SolutionProperties) = preSolution
		HideSolutionNode = FALSE
	EndGlobalSection
	GlobalSection(ExtensibilityGlobals) = postSolution
		SolutionGuid = {EC4B43C7-5014-4DC2-A9D8-E7652B501CD9}
	EndGlobalSection
EndGlobal
